
Microsoft Visual Studio Solution File, Format Version 12.00
# Visual Studio Version 16
VisualStudioVersion = 16.0.31205.134
MinimumVisualStudioVersion = 10.0.40219.1
Project("{FAE04EC0-301F-11D3-BF4B-00C04F79EFBC}") = "ToDo", "ToDo\ToDo.csproj", "{88BDBA9D-0327-4E52-A2C0-AA661C2691E4}"
EndProject
Global
	GlobalSection(SolutionConfigurationPlatforms) = preSolution
		Debug|Any CPU = Debug|Any CPU
		Release|Any CPU = Release|Any CPU
	EndGlobalSection
	GlobalSection(ProjectConfigurationPlatforms) = postSolution
		{88BDBA9D-0327-4E52-A2C0-AA661C2691E4}.Debug|Any CPU.ActiveCfg = Debug|Any CPU
		{88BDBA9D-0327-4E52-A2C0-AA661C2691E4}.Debug|Any CPU.Build.0 = Debug|Any CPU
		{88BDBA9D-0327-4E52-A2C0-AA661C2691E4}.Release|Any CPU.ActiveCfg = Release|Any CPU
		{88BDBA9D-0327-4E52-A2C0-AA661C2691E4}.Release|Any CPU.Build.0 = Release|Any CPU
	EndGlobalSection
	GlobalSection(SolutionProperties) = preSolution
		HideSolutionNode = FALSE
	EndGlobalSection
	GlobalSection(ExtensibilityGlobals) = postSolution
		SolutionGuid = {18D46BEC-C31C-4004-A29A-4DC7F7A299A0}
	EndGlobalSection
EndGlobal
